
Microsoft Visual Studio Solution File, Format Version 12.00
# Visual Studio Version 16
VisualStudioVersion = 16.0.31515.178
MinimumVisualStudioVersion = 10.0.40219.1
Project("{FAE04EC0-301F-11D3-BF4B-00C04F79EFBC}") = "ImageProcessing", "ImageProcessing\ImageProcessing.csproj", "{326A3359-7311-46B1-90AD-0D0340BB8709}"
EndProject
Global
	GlobalSection(SolutionConfigurationPlatforms) = preSolution
		Debug|Any CPU = Debug|Any CPU
		Release|Any CPU = Release|Any CPU
	EndGlobalSection
	GlobalSection(ProjectConfigurationPlatforms) = postSolution
		{326A3359-7311-46B1-90AD-0D0340BB8709}.Debug|Any CPU.ActiveCfg = Debug|Any CPU
		{326A3359-7311-46B1-90AD-0D0340BB8709}.Debug|Any CPU.Build.0 = Debug|Any CPU
		{326A3359-7311-46B1-90AD-0D0340BB8709}.Release|Any CPU.ActiveCfg = Release|Any CPU
		{326A3359-7311-46B1-90AD-0D0340BB8709}.Release|Any CPU.Build.0 = Release|Any CPU
	EndGlobalSection
	GlobalSection(SolutionProperties) = preSolution
		HideSolutionNode = FALSE
	EndGlobalSection
	GlobalSection(ExtensibilityGlobals) = postSolution
		SolutionGuid = {ECC20859-5A0D-4925-A093-81939B432BAB}
	EndGlobalSection
EndGlobal
